// !$*UTF8*$!
{
	archiveVersion = 1;
	classes = {
	};
	objectVersion = 56;
	objects = {

/* Begin PBXBuildFile section */
		CE052F622A5DBE580053CB3A /* AudioSessionService.swift in Sources */ = {isa = PBXBuildFile; fileRef = CE052F612A5DBE580053CB3A /* AudioSessionService.swift */; };
		CE23BEA72A40B7ED000623F2 /* Player.swift in Sources */ = {isa = PBXBuildFile; fileRef = CE23BEA62A40B7ED000623F2 /* Player.swift */; };
		CE23BEAA2A40B9E9000623F2 /* AudioFile.swift in Sources */ = {isa = PBXBuildFile; fileRef = CE23BEA92A40B9E9000623F2 /* AudioFile.swift */; };
		CE23BEAF2A40BCA0000623F2 /* rain.mp3 in Resources */ = {isa = PBXBuildFile; fileRef = CE23BEAE2A40BCA0000623F2 /* rain.mp3 */; };
		CEB7BE602A24F2C800B17BBB /* AppDelegate.swift in Sources */ = {isa = PBXBuildFile; fileRef = CEB7BE5F2A24F2C800B17BBB /* AppDelegate.swift */; };
		CEB7BE622A24F2C800B17BBB /* SceneDelegate.swift in Sources */ = {isa = PBXBuildFile; fileRef = CEB7BE612A24F2C800B17BBB /* SceneDelegate.swift */; };
		CEB7BE642A24F2C800B17BBB /* PlayerViewController.swift in Sources */ = {isa = PBXBuildFile; fileRef = CEB7BE632A24F2C800B17BBB /* PlayerViewController.swift */; };
		CEB7BE692A24F2C900B17BBB /* Assets.xcassets in Resources */ = {isa = PBXBuildFile; fileRef = CEB7BE682A24F2C900B17BBB /* Assets.xcassets */; };
		CEB7BE6C2A24F2C900B17BBB /* LaunchScreen.storyboard in Resources */ = {isa = PBXBuildFile; fileRef = CEB7BE6A2A24F2C900B17BBB /* LaunchScreen.storyboard */; };
		CEB7BE752A250D6800B17BBB /* SnapKit in Frameworks */ = {isa = PBXBuildFile; productRef = CEB7BE742A250D6800B17BBB /* SnapKit */; };
		CEB7BE782A2518B800B17BBB /* PlayButton.swift in Sources */ = {isa = PBXBuildFile; fileRef = CEB7BE772A2518B800B17BBB /* PlayButton.swift */; };
/* End PBXBuildFile section */

/* Begin PBXFileReference section */
		CE052F612A5DBE580053CB3A /* AudioSessionService.swift */ = {isa = PBXFileReference; lastKnownFileType = sourcecode.swift; path = AudioSessionService.swift; sourceTree = "<group>"; };
		CE23BEA62A40B7ED000623F2 /* Player.swift */ = {isa = PBXFileReference; lastKnownFileType = sourcecode.swift; path = Player.swift; sourceTree = "<group>"; };
		CE23BEA92A40B9E9000623F2 /* AudioFile.swift */ = {isa = PBXFileReference; lastKnownFileType = sourcecode.swift; path = AudioFile.swift; sourceTree = "<group>"; };
		CE23BEAE2A40BCA0000623F2 /* rain.mp3 */ = {isa = PBXFileReference; lastKnownFileType = audio.mp3; path = rain.mp3; sourceTree = "<group>"; };
		CEB7BE5C2A24F2C800B17BBB /* NoiseLoop.app */ = {isa = PBXFileReference; explicitFileType = wrapper.application; includeInIndex = 0; path = NoiseLoop.app; sourceTree = BUILT_PRODUCTS_DIR; };
		CEB7BE5F2A24F2C800B17BBB /* AppDelegate.swift */ = {isa = PBXFileReference; lastKnownFileType = sourcecode.swift; path = AppDelegate.swift; sourceTree = "<group>"; };
		CEB7BE612A24F2C800B17BBB /* SceneDelegate.swift */ = {isa = PBXFileReference; lastKnownFileType = sourcecode.swift; path = SceneDelegate.swift; sourceTree = "<group>"; };
		CEB7BE632A24F2C800B17BBB /* PlayerViewController.swift */ = {isa = PBXFileReference; lastKnownFileType = sourcecode.swift; path = PlayerViewController.swift; sourceTree = "<group>"; };
		CEB7BE682A24F2C900B17BBB /* Assets.xcassets */ = {isa = PBXFileReference; lastKnownFileType = folder.assetcatalog; path = Assets.xcassets; sourceTree = "<group>"; };
		CEB7BE6B2A24F2C900B17BBB /* Base */ = {isa = PBXFileReference; lastKnownFileType = file.storyboard; name = Base; path = Base.lproj/LaunchScreen.storyboard; sourceTree = "<group>"; };
		CEB7BE6D2A24F2C900B17BBB /* Info.plist */ = {isa = PBXFileReference; lastKnownFileType = text.plist.xml; path = Info.plist; sourceTree = "<group>"; };
		CEB7BE772A2518B800B17BBB /* PlayButton.swift */ = {isa = PBXFileReference; lastKnownFileType = sourcecode.swift; path = PlayButton.swift; sourceTree = "<group>"; };
/* End PBXFileReference section */

/* Begin PBXFrameworksBuildPhase section */
		CEB7BE592A24F2C800B17BBB /* Frameworks */ = {
			isa = PBXFrameworksBuildPhase;
			buildActionMask = 2147483647;
			files = (
				CEB7BE752A250D6800B17BBB /* SnapKit in Frameworks */,
			);
			runOnlyForDeploymentPostprocessing = 0;
		};
/* End PBXFrameworksBuildPhase section */

/* Begin PBXGroup section */
		CE23BEA32A3F5C7B000623F2 /* Controllers */ = {
			isa = PBXGroup;
			children = (
				CEB7BE632A24F2C800B17BBB /* PlayerViewController.swift */,
			);
			path = Controllers;
			sourceTree = "<group>";
		};
		CE23BEA42A3F62E2000623F2 /* Application */ = {
			isa = PBXGroup;
			children = (
				CEB7BE5F2A24F2C800B17BBB /* AppDelegate.swift */,
				CEB7BE612A24F2C800B17BBB /* SceneDelegate.swift */,
				CEB7BE682A24F2C900B17BBB /* Assets.xcassets */,
				CEB7BE6A2A24F2C900B17BBB /* LaunchScreen.storyboard */,
			);
			path = Application;
			sourceTree = "<group>";
		};
		CE23BEA52A40B7D0000623F2 /* Services */ = {
			isa = PBXGroup;
			children = (
				CE23BEA62A40B7ED000623F2 /* Player.swift */,
				CE052F612A5DBE580053CB3A /* AudioSessionService.swift */,
			);
			path = Services;
			sourceTree = "<group>";
		};
		CE23BEA82A40B9C6000623F2 /* Models */ = {
			isa = PBXGroup;
			children = (
				CE23BEA92A40B9E9000623F2 /* AudioFile.swift */,
			);
			path = Models;
			sourceTree = "<group>";
		};
		CE23BEAB2A40BC28000623F2 /* AudioData */ = {
			isa = PBXGroup;
			children = (
				CE23BEAE2A40BCA0000623F2 /* rain.mp3 */,
			);
			path = AudioData;
			sourceTree = "<group>";
		};
		CEB7BE532A24F2C800B17BBB = {
			isa = PBXGroup;
			children = (
				CEB7BE5E2A24F2C800B17BBB /* NoiseLoop */,
				CEB7BE5D2A24F2C800B17BBB /* Products */,
			);
			sourceTree = "<group>";
		};
		CEB7BE5D2A24F2C800B17BBB /* Products */ = {
			isa = PBXGroup;
			children = (
				CEB7BE5C2A24F2C800B17BBB /* NoiseLoop.app */,
			);
			name = Products;
			sourceTree = "<group>";
		};
		CEB7BE5E2A24F2C800B17BBB /* NoiseLoop */ = {
			isa = PBXGroup;
			children = (
				CE23BEAB2A40BC28000623F2 /* AudioData */,
				CEB7BE6D2A24F2C900B17BBB /* Info.plist */,
				CE23BEA42A3F62E2000623F2 /* Application */,
				CE23BEA82A40B9C6000623F2 /* Models */,
				CE23BEA32A3F5C7B000623F2 /* Controllers */,
				CEB7BE762A2518A300B17BBB /* Views */,
				CE23BEA52A40B7D0000623F2 /* Services */,
			);
			path = NoiseLoop;
			sourceTree = "<group>";
		};
		CEB7BE762A2518A300B17BBB /* Views */ = {
			isa = PBXGroup;
			children = (
				CEB7BE772A2518B800B17BBB /* PlayButton.swift */,
			);
			path = Views;
			sourceTree = "<group>";
		};
/* End PBXGroup section */

/* Begin PBXNativeTarget section */
		CEB7BE5B2A24F2C800B17BBB /* NoiseLoop */ = {
			isa = PBXNativeTarget;
			buildConfigurationList = CEB7BE702A24F2C900B17BBB /* Build configuration list for PBXNativeTarget "NoiseLoop" */;
			buildPhases = (
				CEB7BE582A24F2C800B17BBB /* Sources */,
				CEB7BE592A24F2C800B17BBB /* Frameworks */,
				CEB7BE5A2A24F2C800B17BBB /* Resources */,
			);
			buildRules = (
			);
			dependencies = (
			);
			name = NoiseLoop;
			packageProductDependencies = (
				CEB7BE742A250D6800B17BBB /* SnapKit */,
			);
			productName = NoiseLoop;
			productReference = CEB7BE5C2A24F2C800B17BBB /* NoiseLoop.app */;
			productType = "com.apple.product-type.application";
		};
/* End PBXNativeTarget section */

/* Begin PBXProject section */
		CEB7BE542A24F2C800B17BBB /* Project object */ = {
			isa = PBXProject;
			attributes = {
				BuildIndependentTargetsInParallel = 1;
				LastSwiftUpdateCheck = 1420;
				LastUpgradeCheck = 1420;
				TargetAttributes = {
					CEB7BE5B2A24F2C800B17BBB = {
						CreatedOnToolsVersion = 14.2;
					};
				};
			};
			buildConfigurationList = CEB7BE572A24F2C800B17BBB /* Build configuration list for PBXProject "NoiseLoop" */;
			compatibilityVersion = "Xcode 14.0";
			developmentRegion = en;
			hasScannedForEncodings = 0;
			knownRegions = (
				en,
				Base,
			);
			mainGroup = CEB7BE532A24F2C800B17BBB;
			packageReferences = (
				CEB7BE732A250D6800B17BBB /* XCRemoteSwiftPackageReference "SnapKit" */,
			);
			productRefGroup = CEB7BE5D2A24F2C800B17BBB /* Products */;
			projectDirPath = "";
			projectRoot = "";
			targets = (
				CEB7BE5B2A24F2C800B17BBB /* NoiseLoop */,
			);
		};
/* End PBXProject section */

/* Begin PBXResourcesBuildPhase section */
		CEB7BE5A2A24F2C800B17BBB /* Resources */ = {
			isa = PBXResourcesBuildPhase;
			buildActionMask = 2147483647;
			files = (
				CEB7BE6C2A24F2C900B17BBB /* LaunchScreen.storyboard in Resources */,
				CEB7BE692A24F2C900B17BBB /* Assets.xcassets in Resources */,
				CE23BEAF2A40BCA0000623F2 /* rain.mp3 in Resources */,
			);
			runOnlyForDeploymentPostprocessing = 0;
		};
/* End PBXResourcesBuildPhase section */

/* Begin PBXSourcesBuildPhase section */
		CEB7BE582A24F2C800B17BBB /* Sources */ = {
			isa = PBXSourcesBuildPhase;
			buildActionMask = 2147483647;
			files = (
				CEB7BE642A24F2C800B17BBB /* PlayerViewController.swift in Sources */,
				CEB7BE782A2518B800B17BBB /* PlayButton.swift in Sources */,
				CE23BEAA2A40B9E9000623F2 /* AudioFile.swift in Sources */,
				CE052F622A5DBE580053CB3A /* AudioSessionService.swift in Sources */,
				CEB7BE602A24F2C800B17BBB /* AppDelegate.swift in Sources */,
				CE23BEA72A40B7ED000623F2 /* Player.swift in Sources */,
				CEB7BE622A24F2C800B17BBB /* SceneDelegate.swift in Sources */,
			);
			runOnlyForDeploymentPostprocessing = 0;
		};
/* End PBXSourcesBuildPhase section */

/* Begin PBXVariantGroup section */
		CEB7BE6A2A24F2C900B17BBB /* LaunchScreen.storyboard */ = {
			isa = PBXVariantGroup;
			children = (
				CEB7BE6B2A24F2C900B17BBB /* Base */,
			);
			name = LaunchScreen.storyboard;
			sourceTree = "<group>";
		};
/* End PBXVariantGroup section */

/* Begin XCBuildConfiguration section */
		CEB7BE6E2A24F2C900B17BBB /* Debug */ = {
			isa = XCBuildConfiguration;
			buildSettings = {
				ALWAYS_SEARCH_USER_PATHS = NO;
				CLANG_ANALYZER_NONNULL = YES;
				CLANG_ANALYZER_NUMBER_OBJECT_CONVERSION = YES_AGGRESSIVE;
				CLANG_CXX_LANGUAGE_STANDARD = "gnu++20";
				CLANG_ENABLE_MODULES = YES;
				CLANG_ENABLE_OBJC_ARC = YES;
				CLANG_ENABLE_OBJC_WEAK = YES;
				CLANG_WARN_BLOCK_CAPTURE_AUTORELEASING = YES;
				CLANG_WARN_BOOL_CONVERSION = YES;
				CLANG_WARN_COMMA = YES;
				CLANG_WARN_CONSTANT_CONVERSION = YES;
				CLANG_WARN_DEPRECATED_OBJC_IMPLEMENTATIONS = YES;
				CLANG_WARN_DIRECT_OBJC_ISA_USAGE = YES_ERROR;
				CLANG_WARN_DOCUMENTATION_COMMENTS = YES;
				CLANG_WARN_EMPTY_BODY = YES;
				CLANG_WARN_ENUM_CONVERSION = YES;
				CLANG_WARN_INFINITE_RECURSION = YES;
				CLANG_WARN_INT_CONVERSION = YES;
				CLANG_WARN_NON_LITERAL_NULL_CONVERSION = YES;
				CLANG_WARN_OBJC_IMPLICIT_RETAIN_SELF = YES;
				CLANG_WARN_OBJC_LITERAL_CONVERSION = YES;
				CLANG_WARN_OBJC_ROOT_CLASS = YES_ERROR;
				CLANG_WARN_QUOTED_INCLUDE_IN_FRAMEWORK_HEADER = YES;
				CLANG_WARN_RANGE_LOOP_ANALYSIS = YES;
				CLANG_WARN_STRICT_PROTOTYPES = YES;
				CLANG_WARN_SUSPICIOUS_MOVE = YES;
				CLANG_WARN_UNGUARDED_AVAILABILITY = YES_AGGRESSIVE;
				CLANG_WARN_UNREACHABLE_CODE = YES;
				CLANG_WARN__DUPLICATE_METHOD_MATCH = YES;
				COPY_PHASE_STRIP = NO;
				DEBUG_INFORMATION_FORMAT = dwarf;
				ENABLE_STRICT_OBJC_MSGSEND = YES;
				ENABLE_TESTABILITY = YES;
				GCC_C_LANGUAGE_STANDARD = gnu11;
				GCC_DYNAMIC_NO_PIC = NO;
				GCC_NO_COMMON_BLOCKS = YES;
				GCC_OPTIMIZATION_LEVEL = 0;
				GCC_PREPROCESSOR_DEFINITIONS = (
					"DEBUG=1",
					"$(inherited)",
				);
				GCC_WARN_64_TO_32_BIT_CONVERSION = YES;
				GCC_WARN_ABOUT_RETURN_TYPE = YES_ERROR;
				GCC_WARN_UNDECLARED_SELECTOR = YES;
				GCC_WARN_UNINITIALIZED_AUTOS = YES_AGGRESSIVE;
				GCC_WARN_UNUSED_FUNCTION = YES;
				GCC_WARN_UNUSED_VARIABLE = YES;
				IPHONEOS_DEPLOYMENT_TARGET = 16.2;
				MTL_ENABLE_DEBUG_INFO = INCLUDE_SOURCE;
				MTL_FAST_MATH = YES;
				ONLY_ACTIVE_ARCH = YES;
				SDKROOT = iphoneos;
				SWIFT_ACTIVE_COMPILATION_CONDITIONS = DEBUG;
				SWIFT_OPTIMIZATION_LEVEL = "-Onone";
			};
			name = Debug;
		};
		CEB7BE6F2A24F2C900B17BBB /* Release */ = {
			isa = XCBuildConfiguration;
			buildSettings = {
				ALWAYS_SEARCH_USER_PATHS = NO;
				CLANG_ANALYZER_NONNULL = YES;
				CLANG_ANALYZER_NUMBER_OBJECT_CONVERSION = YES_AGGRESSIVE;
				CLANG_CXX_LANGUAGE_STANDARD = "gnu++20";
				CLANG_ENABLE_MODULES = YES;
				CLANG_ENABLE_OBJC_ARC = YES;
				CLANG_ENABLE_OBJC_WEAK = YES;
				CLANG_WARN_BLOCK_CAPTURE_AUTORELEASING = YES;
				CLANG_WARN_BOOL_CONVERSION = YES;
				CLANG_WARN_COMMA = YES;
				CLANG_WARN_CONSTANT_CONVERSION = YES;
				CLANG_WARN_DEPRECATED_OBJC_IMPLEMENTATIONS = YES;
				CLANG_WARN_DIRECT_OBJC_ISA_USAGE = YES_ERROR;
				CLANG_WARN_DOCUMENTATION_COMMENTS = YES;
				CLANG_WARN_EMPTY_BODY = YES;
				CLANG_WARN_ENUM_CONVERSION = YES;
				CLANG_WARN_INFINITE_RECURSION = YES;
				CLANG_WARN_INT_CONVERSION = YES;
				CLANG_WARN_NON_LITERAL_NULL_CONVERSION = YES;
				CLANG_WARN_OBJC_IMPLICIT_RETAIN_SELF = YES;
				CLANG_WARN_OBJC_LITERAL_CONVERSION = YES;
				CLANG_WARN_OBJC_ROOT_CLASS = YES_ERROR;
				CLANG_WARN_QUOTED_INCLUDE_IN_FRAMEWORK_HEADER = YES;
				CLANG_WARN_RANGE_LOOP_ANALYSIS = YES;
				CLANG_WARN_STRICT_PROTOTYPES = YES;
				CLANG_WARN_SUSPICIOUS_MOVE = YES;
				CLANG_WARN_UNGUARDED_AVAILABILITY = YES_AGGRESSIVE;
				CLANG_WARN_UNREACHABLE_CODE = YES;
				CLANG_WARN__DUPLICATE_METHOD_MATCH = YES;
				COPY_PHASE_STRIP = NO;
				DEBUG_INFORMATION_FORMAT = "dwarf-with-dsym";
				ENABLE_NS_ASSERTIONS = NO;
				ENABLE_STRICT_OBJC_MSGSEND = YES;
				GCC_C_LANGUAGE_STANDARD = gnu11;
				GCC_NO_COMMON_BLOCKS = YES;
				GCC_WARN_64_TO_32_BIT_CONVERSION = YES;
				GCC_WARN_ABOUT_RETURN_TYPE = YES_ERROR;
				GCC_WARN_UNDECLARED_SELECTOR = YES;
				GCC_WARN_UNINITIALIZED_AUTOS = YES_AGGRESSIVE;
				GCC_WARN_UNUSED_FUNCTION = YES;
				GCC_WARN_UNUSED_VARIABLE = YES;
				IPHONEOS_DEPLOYMENT_TARGET = 16.2;
				MTL_ENABLE_DEBUG_INFO = NO;
				MTL_FAST_MATH = YES;
				SDKROOT = iphoneos;
				SWIFT_COMPILATION_MODE = wholemodule;
				SWIFT_OPTIMIZATION_LEVEL = "-O";
				VALIDATE_PRODUCT = YES;
			};
			name = Release;
		};
		CEB7BE712A24F2C900B17BBB /* Debug */ = {
			isa = XCBuildConfiguration;
			buildSettings = {
				ASSETCATALOG_COMPILER_APPICON_NAME = AppIcon;
				ASSETCATALOG_COMPILER_GLOBAL_ACCENT_COLOR_NAME = AccentColor;
				CODE_SIGN_STYLE = Automatic;
				CURRENT_PROJECT_VERSION = 1;
				DEVELOPMENT_TEAM = 2R782SXW3H;
				GENERATE_INFOPLIST_FILE = YES;
				INFOPLIST_FILE = NoiseLoop/Info.plist;
				INFOPLIST_KEY_UIApplicationSupportsIndirectInputEvents = YES;
				INFOPLIST_KEY_UILaunchStoryboardName = LaunchScreen;
				INFOPLIST_KEY_UISupportedInterfaceOrientations = UIInterfaceOrientationPortrait;
				INFOPLIST_KEY_UISupportedInterfaceOrientations_iPad = "UIInterfaceOrientationLandscapeLeft UIInterfaceOrientationLandscapeRight UIInterfaceOrientationPortrait UIInterfaceOrientationPortraitUpsideDown";
				LD_RUNPATH_SEARCH_PATHS = (
					"$(inherited)",
					"@executable_path/Frameworks",
				);
				MARKETING_VERSION = 1.0;
				PRODUCT_BUNDLE_IDENTIFIER = erkhaan.NoiseLoop;
				PRODUCT_NAME = "$(TARGET_NAME)";
				SUPPORTED_PLATFORMS = "iphoneos iphonesimulator";
				SUPPORTS_MACCATALYST = NO;
				SUPPORTS_MAC_DESIGNED_FOR_IPHONE_IPAD = YES;
				SWIFT_EMIT_LOC_STRINGS = YES;
				SWIFT_VERSION = 5.0;
				TARGETED_DEVICE_FAMILY = 1;
			};
			name = Debug;
		};
		CEB7BE722A24F2C900B17BBB /* Release */ = {
			isa = XCBuildConfiguration;
			buildSettings = {
				ASSETCATALOG_COMPILER_APPICON_NAME = AppIcon;
				ASSETCATALOG_COMPILER_GLOBAL_ACCENT_COLOR_NAME = AccentColor;
				CODE_SIGN_STYLE = Automatic;
				CURRENT_PROJECT_VERSION = 1;
				DEVELOPMENT_TEAM = 2R782SXW3H;
				GENERATE_INFOPLIST_FILE = YES;
				INFOPLIST_FILE = NoiseLoop/Info.plist;
				INFOPLIST_KEY_UIApplicationSupportsIndirectInputEvents = YES;
				INFOPLIST_KEY_UILaunchStoryboardName = LaunchScreen;
				INFOPLIST_KEY_UISupportedInterfaceOrientations = UIInterfaceOrientationPortrait;
				INFOPLIST_KEY_UISupportedInterfaceOrientations_iPad = "UIInterfaceOrientationLandscapeLeft UIInterfaceOrientationLandscapeRight UIInterfaceOrientationPortrait UIInterfaceOrientationPortraitUpsideDown";
				LD_RUNPATH_SEARCH_PATHS = (
					"$(inherited)",
					"@executable_path/Frameworks",
				);
				MARKETING_VERSION = 1.0;
				PRODUCT_BUNDLE_IDENTIFIER = erkhaan.NoiseLoop;
				PRODUCT_NAME = "$(TARGET_NAME)";
				SUPPORTED_PLATFORMS = "iphoneos iphonesimulator";
				SUPPORTS_MACCATALYST = NO;
				SUPPORTS_MAC_DESIGNED_FOR_IPHONE_IPAD = YES;
				SWIFT_EMIT_LOC_STRINGS = YES;
				SWIFT_VERSION = 5.0;
				TARGETED_DEVICE_FAMILY = 1;
			};
			name = Release;
		};
/* End XCBuildConfiguration section */

/* Begin XCConfigurationList section */
		CEB7BE572A24F2C800B17BBB /* Build configuration list for PBXProject "NoiseLoop" */ = {
			isa = XCConfigurationList;
			buildConfigurations = (
				CEB7BE6E2A24F2C900B17BBB /* Debug */,
				CEB7BE6F2A24F2C900B17BBB /* Release */,
			);
			defaultConfigurationIsVisible = 0;
			defaultConfigurationName = Release;
		};
		CEB7BE702A24F2C900B17BBB /* Build configuration list for PBXNativeTarget "NoiseLoop" */ = {
			isa = XCConfigurationList;
			buildConfigurations = (
				CEB7BE712A24F2C900B17BBB /* Debug */,
				CEB7BE722A24F2C900B17BBB /* Release */,
			);
			defaultConfigurationIsVisible = 0;
			defaultConfigurationName = Release;
		};
/* End XCConfigurationList section */

/* Begin XCRemoteSwiftPackageReference section */
		CEB7BE732A250D6800B17BBB /* XCRemoteSwiftPackageReference "SnapKit" */ = {
			isa = XCRemoteSwiftPackageReference;
			repositoryURL = "https://github.com/SnapKit/SnapKit.git";
			requirement = {
				branch = develop;
				kind = branch;
			};
		};
/* End XCRemoteSwiftPackageReference section */

/* Begin XCSwiftPackageProductDependency section */
		CEB7BE742A250D6800B17BBB /* SnapKit */ = {
			isa = XCSwiftPackageProductDependency;
			package = CEB7BE732A250D6800B17BBB /* XCRemoteSwiftPackageReference "SnapKit" */;
			productName = SnapKit;
		};
/* End XCSwiftPackageProductDependency section */
	};
	rootObject = CEB7BE542A24F2C800B17BBB /* Project object */;
}
